// !$*UTF8*$!
{
	archiveVersion = 1;
	classes = {
	};
	objectVersion = 77;
	objects = {

/* Begin PBXBuildFile section */
		CEB0DC5E2E13D1AB0002B320 /* OpenAPIURLSession in Frameworks */ = {isa = PBXBuildFile; productRef = CEB0DC5D2E13D1AB0002B320 /* OpenAPIURLSession */; };
		CEB0DC612E13D1C10002B320 /* OpenAPIRuntime in Frameworks */ = {isa = PBXBuildFile; productRef = CEB0DC602E13D1C10002B320 /* OpenAPIRuntime */; };
		CEB0DCB92E157BBF0002B320 /* TravelScheduleApp.swift in Sources */ = {isa = PBXBuildFile; fileRef = CEB0DCA92E157BBF0002B320 /* TravelScheduleApp.swift */; };
		CEB0DCBA2E157BBF0002B320 /* NearestStationsService.swift in Sources */ = {isa = PBXBuildFile; fileRef = CEB0DCAE2E157BBF0002B320 /* NearestStationsService.swift */; };
		CEB0DCBB2E157BBF0002B320 /* RouteStationsService.swift in Sources */ = {isa = PBXBuildFile; fileRef = CEB0DCAF2E157BBF0002B320 /* RouteStationsService.swift */; };
		CEB0DCBC2E157BBF0002B320 /* SchedualBetweenStationsService.swift in Sources */ = {isa = PBXBuildFile; fileRef = CEB0DCB02E157BBF0002B320 /* SchedualBetweenStationsService.swift */; };
		CEB0DCBD2E157BBF0002B320 /* StationScheduleService.swift in Sources */ = {isa = PBXBuildFile; fileRef = CEB0DCB12E157BBF0002B320 /* StationScheduleService.swift */; };
		CEB0DCBF2E157BBF0002B320 /* Assets.xcassets in Resources */ = {isa = PBXBuildFile; fileRef = CEB0DCAC2E157BBF0002B320 /* Assets.xcassets */; };
		CEB0DCC02E157BBF0002B320 /* openapi.yaml in Resources */ = {isa = PBXBuildFile; fileRef = CEB0DCB32E157BBF0002B320 /* openapi.yaml */; };
		CEB0DCC12E157BBF0002B320 /* openapi-generator-config.yaml in Resources */ = {isa = PBXBuildFile; fileRef = CEB0DCB42E157BBF0002B320 /* openapi-generator-config.yaml */; };
		CEB0DCC72E157C080002B320 /* MainView.swift in Sources */ = {isa = PBXBuildFile; fileRef = CEB0DCC52E157C080002B320 /* MainView.swift */; };
		CEB0DCE52E169B7A0002B320 /* NearestCityService.swift in Sources */ = {isa = PBXBuildFile; fileRef = CEB0DCE42E169B7A0002B320 /* NearestCityService.swift */; };
		CEB0DCEC2E169FB10002B320 /* CarrierInfoService.swift in Sources */ = {isa = PBXBuildFile; fileRef = CEB0DCEB2E169FB10002B320 /* CarrierInfoService.swift */; };
		CEB0DCFE2E16C7E70002B320 /* AllStationsService.swift in Sources */ = {isa = PBXBuildFile; fileRef = CEB0DCFD2E16C7E70002B320 /* AllStationsService.swift */; };
		CEB0DD062E16CD190002B320 /* CopyrightService.swift in Sources */ = {isa = PBXBuildFile; fileRef = CEB0DD052E16CD190002B320 /* CopyrightService.swift */; };
/* End PBXBuildFile section */

/* Begin PBXFileReference section */
		CE638AD12E252A6B003A3898 /* Info.plist */ = {isa = PBXFileReference; lastKnownFileType = text.plist; path = Info.plist; sourceTree = "<group>"; };
		CEB0DC372E13CEA70002B320 /* TravelSchedule.app */ = {isa = PBXFileReference; explicitFileType = wrapper.application; includeInIndex = 0; path = TravelSchedule.app; sourceTree = BUILT_PRODUCTS_DIR; };
		CEB0DCA92E157BBF0002B320 /* TravelScheduleApp.swift */ = {isa = PBXFileReference; lastKnownFileType = sourcecode.swift; path = TravelScheduleApp.swift; sourceTree = "<group>"; };
		CEB0DCAC2E157BBF0002B320 /* Assets.xcassets */ = {isa = PBXFileReference; lastKnownFileType = folder.assetcatalog; path = Assets.xcassets; sourceTree = "<group>"; };
		CEB0DCAE2E157BBF0002B320 /* NearestStationsService.swift */ = {isa = PBXFileReference; lastKnownFileType = sourcecode.swift; path = NearestStationsService.swift; sourceTree = "<group>"; };
		CEB0DCAF2E157BBF0002B320 /* RouteStationsService.swift */ = {isa = PBXFileReference; lastKnownFileType = sourcecode.swift; path = RouteStationsService.swift; sourceTree = "<group>"; };
		CEB0DCB02E157BBF0002B320 /* SchedualBetweenStationsService.swift */ = {isa = PBXFileReference; lastKnownFileType = sourcecode.swift; path = SchedualBetweenStationsService.swift; sourceTree = "<group>"; };
		CEB0DCB12E157BBF0002B320 /* StationScheduleService.swift */ = {isa = PBXFileReference; lastKnownFileType = sourcecode.swift; path = StationScheduleService.swift; sourceTree = "<group>"; };
		CEB0DCB32E157BBF0002B320 /* openapi.yaml */ = {isa = PBXFileReference; lastKnownFileType = text.yaml; path = openapi.yaml; sourceTree = "<group>"; };
		CEB0DCB42E157BBF0002B320 /* openapi-generator-config.yaml */ = {isa = PBXFileReference; lastKnownFileType = text.yaml; path = "openapi-generator-config.yaml"; sourceTree = "<group>"; };
		CEB0DCC52E157C080002B320 /* MainView.swift */ = {isa = PBXFileReference; lastKnownFileType = sourcecode.swift; path = MainView.swift; sourceTree = "<group>"; };
		CEB0DCE42E169B7A0002B320 /* NearestCityService.swift */ = {isa = PBXFileReference; lastKnownFileType = sourcecode.swift; path = NearestCityService.swift; sourceTree = "<group>"; };
		CEB0DCEB2E169FB10002B320 /* CarrierInfoService.swift */ = {isa = PBXFileReference; lastKnownFileType = sourcecode.swift; path = CarrierInfoService.swift; sourceTree = "<group>"; };
		CEB0DCFD2E16C7E70002B320 /* AllStationsService.swift */ = {isa = PBXFileReference; lastKnownFileType = sourcecode.swift; path = AllStationsService.swift; sourceTree = "<group>"; };
		CEB0DD052E16CD190002B320 /* CopyrightService.swift */ = {isa = PBXFileReference; lastKnownFileType = sourcecode.swift; path = CopyrightService.swift; sourceTree = "<group>"; };
/* End PBXFileReference section */

/* Begin PBXFileSystemSynchronizedBuildFileExceptionSet section */
		CE3FED512E3280F400D75A6A /* Exceptions for "TestFetch" folder in "TravelSchedule" target */ = {
			isa = PBXFileSystemSynchronizedBuildFileExceptionSet;
			membershipExceptions = (
				testFetch.swift,
			);
			target = CEB0DC362E13CEA70002B320 /* TravelSchedule */;
		};
		CE638AF42E253C64003A3898 /* Exceptions for "CitySelectionScreen" folder in "TravelSchedule" target */ = {
			isa = PBXFileSystemSynchronizedBuildFileExceptionSet;
			membershipExceptions = (
				CitySelectionScreen.swift,
			);
			target = CEB0DC362E13CEA70002B320 /* TravelSchedule */;
		};
		CE638B4E2E267B17003A3898 /* Exceptions for "ChoosingCityView" folder in "TravelSchedule" target */ = {
			isa = PBXFileSystemSynchronizedBuildFileExceptionSet;
			membershipExceptions = (
				ChoosingCityView.swift,
			);
			target = CEB0DC362E13CEA70002B320 /* TravelSchedule */;
		};
		CEB89E022E2E3B7A000F7132 /* Exceptions for "ErrorScreens" folder in "TravelSchedule" target */ = {
			isa = PBXFileSystemSynchronizedBuildFileExceptionSet;
			membershipExceptions = (
				NoInternetScreen.swift,
				ServerErrorScreen.swift,
			);
			target = CEB0DC362E13CEA70002B320 /* TravelSchedule */;
		};
		CEB89E172E2E3D8D000F7132 /* Exceptions for "Storis" folder in "TravelSchedule" target */ = {
			isa = PBXFileSystemSynchronizedBuildFileExceptionSet;
			membershipExceptions = (
				DepartureTime.swift,
				StoriesCell.swift,
				StoriesModel.swift,
				StoriesViewModel.swift,
			);
			target = CEB0DC362E13CEA70002B320 /* TravelSchedule */;
		};
		CED83C882E2F8BA1006F1FA4 /* Exceptions for "RouteParameterClarificationsView" folder in "TravelSchedule" target */ = {
			isa = PBXFileSystemSynchronizedBuildFileExceptionSet;
			membershipExceptions = (
				RouteParameterClarificationsView.swift,
			);
			target = CEB0DC362E13CEA70002B320 /* TravelSchedule */;
		};
		CEDE44F12E26BE4C000D1CE7 /* Exceptions for "StationSelectionView" folder in "TravelSchedule" target */ = {
			isa = PBXFileSystemSynchronizedBuildFileExceptionSet;
			membershipExceptions = (
				StationSelectionView.swift,
			);
			target = CEB0DC362E13CEA70002B320 /* TravelSchedule */;
		};
		CEDE45092E279728000D1CE7 /* Exceptions for "FlightSelectionView" folder in "TravelSchedule" target */ = {
			isa = PBXFileSystemSynchronizedBuildFileExceptionSet;
			membershipExceptions = (
				FlightSelectionView.swift,
			);
			target = CEB0DC362E13CEA70002B320 /* TravelSchedule */;
		};
		CEDE452D2E27B79A000D1CE7 /* Exceptions for "Model" folder in "TravelSchedule" target */ = {
			isa = PBXFileSystemSynchronizedBuildFileExceptionSet;
			membershipExceptions = (
				NavCoordinator.swift,
				RouteEnum.swift,
				Ticket.swift,
			);
			target = CEB0DC362E13CEA70002B320 /* TravelSchedule */;
		};
		CEDE456D2E27E740000D1CE7 /* Exceptions for "SearchTextField" folder in "TravelSchedule" target */ = {
			isa = PBXFileSystemSynchronizedBuildFileExceptionSet;
			membershipExceptions = (
				SearchTextField.swift,
			);
			target = CEB0DC362E13CEA70002B320 /* TravelSchedule */;
		};
		CEDE45AB2E292033000D1CE7 /* Exceptions for "TicketFilteringView" folder in "TravelSchedule" target */ = {
			isa = PBXFileSystemSynchronizedBuildFileExceptionSet;
			membershipExceptions = (
				TicketCell.swift,
				TicketFilteringView.swift,
			);
			target = CEB0DC362E13CEA70002B320 /* TravelSchedule */;
		};
		CEDE45B42E292ADF000D1CE7 /* Exceptions for "SettingsView" folder in "TravelSchedule" target */ = {
			isa = PBXFileSystemSynchronizedBuildFileExceptionSet;
			membershipExceptions = (
				SettingsView.swift,
			);
			target = CEB0DC362E13CEA70002B320 /* TravelSchedule */;
		};
/* End PBXFileSystemSynchronizedBuildFileExceptionSet section */

/* Begin PBXFileSystemSynchronizedRootGroup section */
		CE3FED402E3280C800D75A6A /* TestFetch */ = {
			isa = PBXFileSystemSynchronizedRootGroup;
			exceptions = (
				CE3FED512E3280F400D75A6A /* Exceptions for "TestFetch" folder in "TravelSchedule" target */,
			);
			path = TestFetch;
			sourceTree = "<group>";
		};
		CE638AF12E253C4B003A3898 /* CitySelectionScreen */ = {
			isa = PBXFileSystemSynchronizedRootGroup;
			exceptions = (
				CE638AF42E253C64003A3898 /* Exceptions for "CitySelectionScreen" folder in "TravelSchedule" target */,
			);
			path = CitySelectionScreen;
			sourceTree = "<group>";
		};
		CE638B452E267AE9003A3898 /* ChoosingCityView */ = {
			isa = PBXFileSystemSynchronizedRootGroup;
			exceptions = (
				CE638B4E2E267B17003A3898 /* Exceptions for "ChoosingCityView" folder in "TravelSchedule" target */,
			);
			path = ChoosingCityView;
			sourceTree = "<group>";
		};
		CEB89DF82E2E3B3B000F7132 /* ErrorScreens */ = {
			isa = PBXFileSystemSynchronizedRootGroup;
			exceptions = (
				CEB89E022E2E3B7A000F7132 /* Exceptions for "ErrorScreens" folder in "TravelSchedule" target */,
			);
			path = ErrorScreens;
			sourceTree = "<group>";
		};
		CEB89E0F2E2E3D21000F7132 /* Storis */ = {
			isa = PBXFileSystemSynchronizedRootGroup;
			exceptions = (
				CEB89E172E2E3D8D000F7132 /* Exceptions for "Storis" folder in "TravelSchedule" target */,
			);
			path = Storis;
			sourceTree = "<group>";
		};
		CED83C802E2F8B77006F1FA4 /* RouteParameterClarificationsView */ = {
			isa = PBXFileSystemSynchronizedRootGroup;
			exceptions = (
				CED83C882E2F8BA1006F1FA4 /* Exceptions for "RouteParameterClarificationsView" folder in "TravelSchedule" target */,
			);
			path = RouteParameterClarificationsView;
			sourceTree = "<group>";
		};
		CEDE44E82E26BE23000D1CE7 /* StationSelectionView */ = {
			isa = PBXFileSystemSynchronizedRootGroup;
			exceptions = (
				CEDE44F12E26BE4C000D1CE7 /* Exceptions for "StationSelectionView" folder in "TravelSchedule" target */,
			);
			path = StationSelectionView;
			sourceTree = "<group>";
		};
		CEDE45002E279711000D1CE7 /* FlightSelectionView */ = {
			isa = PBXFileSystemSynchronizedRootGroup;
			exceptions = (
				CEDE45092E279728000D1CE7 /* Exceptions for "FlightSelectionView" folder in "TravelSchedule" target */,
			);
			path = FlightSelectionView;
			sourceTree = "<group>";
		};
		CEDE451C2E27B73B000D1CE7 /* Model */ = {
			isa = PBXFileSystemSynchronizedRootGroup;
			exceptions = (
				CEDE452D2E27B79A000D1CE7 /* Exceptions for "Model" folder in "TravelSchedule" target */,
			);
			path = Model;
			sourceTree = "<group>";
		};
		CEDE45652E27E71E000D1CE7 /* SearchTextField */ = {
			isa = PBXFileSystemSynchronizedRootGroup;
			exceptions = (
				CEDE456D2E27E740000D1CE7 /* Exceptions for "SearchTextField" folder in "TravelSchedule" target */,
			);
			path = SearchTextField;
			sourceTree = "<group>";
		};
		CEDE45A42E292013000D1CE7 /* TicketFilteringView */ = {
			isa = PBXFileSystemSynchronizedRootGroup;
			exceptions = (
				CEDE45AB2E292033000D1CE7 /* Exceptions for "TicketFilteringView" folder in "TravelSchedule" target */,
			);
			path = TicketFilteringView;
			sourceTree = "<group>";
		};
		CEDE45AF2E292ABE000D1CE7 /* SettingsView */ = {
			isa = PBXFileSystemSynchronizedRootGroup;
			exceptions = (
				CEDE45B42E292ADF000D1CE7 /* Exceptions for "SettingsView" folder in "TravelSchedule" target */,
			);
			path = SettingsView;
			sourceTree = "<group>";
		};
/* End PBXFileSystemSynchronizedRootGroup section */

/* Begin PBXFrameworksBuildPhase section */
		CEB0DC342E13CEA70002B320 /* Frameworks */ = {
			isa = PBXFrameworksBuildPhase;
			buildActionMask = 2147483647;
			files = (
				CEB0DC612E13D1C10002B320 /* OpenAPIRuntime in Frameworks */,
				CEB0DC5E2E13D1AB0002B320 /* OpenAPIURLSession in Frameworks */,
			);
			runOnlyForDeploymentPostprocessing = 0;
		};
/* End PBXFrameworksBuildPhase section */

/* Begin PBXGroup section */
		CEB0DC2E2E13CEA70002B320 = {
			isa = PBXGroup;
			children = (
				CEB0DCB82E157BBF0002B320 /* TravelSchedule */,
				CEB0DC382E13CEA70002B320 /* Products */,
			);
			sourceTree = "<group>";
		};
		CEB0DC382E13CEA70002B320 /* Products */ = {
			isa = PBXGroup;
			children = (
				CEB0DC372E13CEA70002B320 /* TravelSchedule.app */,
			);
			name = Products;
			sourceTree = "<group>";
		};
		CEB0DCAA2E157BBF0002B320 /* App */ = {
			isa = PBXGroup;
			children = (
				CEB0DCA92E157BBF0002B320 /* TravelScheduleApp.swift */,
			);
			path = App;
			sourceTree = "<group>";
		};
		CEB0DCAB2E157BBF0002B320 /* Modules */ = {
			isa = PBXGroup;
			children = (
				CEB0DCC62E157C080002B320 /* Main */,
			);
			path = Modules;
			sourceTree = "<group>";
		};
		CEB0DCAD2E157BBF0002B320 /* Resources */ = {
			isa = PBXGroup;
			children = (
				CEB0DCAC2E157BBF0002B320 /* Assets.xcassets */,
			);
			path = Resources;
			sourceTree = "<group>";
		};
		CEB0DCB22E157BBF0002B320 /* Services */ = {
			isa = PBXGroup;
			children = (
				CEB0DCAE2E157BBF0002B320 /* NearestStationsService.swift */,
				CEB0DCB02E157BBF0002B320 /* SchedualBetweenStationsService.swift */,
				CEB0DCB12E157BBF0002B320 /* StationScheduleService.swift */,
				CEB0DCAF2E157BBF0002B320 /* RouteStationsService.swift */,
				CEB0DCE42E169B7A0002B320 /* NearestCityService.swift */,
				CEB0DCEB2E169FB10002B320 /* CarrierInfoService.swift */,
				CEB0DCFD2E16C7E70002B320 /* AllStationsService.swift */,
				CEB0DD052E16CD190002B320 /* CopyrightService.swift */,
			);
			path = Services;
			sourceTree = "<group>";
		};
		CEB0DCB52E157BBF0002B320 /* yaml */ = {
			isa = PBXGroup;
			children = (
				CEB0DCB32E157BBF0002B320 /* openapi.yaml */,
				CEB0DCB42E157BBF0002B320 /* openapi-generator-config.yaml */,
			);
			path = yaml;
			sourceTree = "<group>";
		};
		CEB0DCB62E157BBF0002B320 /* Support */ = {
			isa = PBXGroup;
			children = (
				CEB0DCB52E157BBF0002B320 /* yaml */,
			);
			path = Support;
			sourceTree = "<group>";
		};
		CEB0DCB82E157BBF0002B320 /* TravelSchedule */ = {
			isa = PBXGroup;
			children = (
				CE3FED402E3280C800D75A6A /* TestFetch */,
				CED83C802E2F8B77006F1FA4 /* RouteParameterClarificationsView */,
				CEB89E0F2E2E3D21000F7132 /* Storis */,
				CEB89DF82E2E3B3B000F7132 /* ErrorScreens */,
				CEDE45AF2E292ABE000D1CE7 /* SettingsView */,
				CEDE45A42E292013000D1CE7 /* TicketFilteringView */,
				CEDE45652E27E71E000D1CE7 /* SearchTextField */,
				CEDE451C2E27B73B000D1CE7 /* Model */,
				CEDE45002E279711000D1CE7 /* FlightSelectionView */,
				CEDE44E82E26BE23000D1CE7 /* StationSelectionView */,
				CE638B452E267AE9003A3898 /* ChoosingCityView */,
				CE638AF12E253C4B003A3898 /* CitySelectionScreen */,
				CE638AD12E252A6B003A3898 /* Info.plist */,
				CEB0DCAA2E157BBF0002B320 /* App */,
				CEB0DCAB2E157BBF0002B320 /* Modules */,
				CEB0DCB22E157BBF0002B320 /* Services */,
				CEB0DCB62E157BBF0002B320 /* Support */,
				CEB0DCAD2E157BBF0002B320 /* Resources */,
			);
			path = TravelSchedule;
			sourceTree = "<group>";
		};
		CEB0DCC62E157C080002B320 /* Main */ = {
			isa = PBXGroup;
			children = (
				CEB0DCC52E157C080002B320 /* MainView.swift */,
			);
			path = Main;
			sourceTree = "<group>";
		};
/* End PBXGroup section */

/* Begin PBXNativeTarget section */
		CEB0DC362E13CEA70002B320 /* TravelSchedule */ = {
			isa = PBXNativeTarget;
			buildConfigurationList = CEB0DC422E13CEA80002B320 /* Build configuration list for PBXNativeTarget "TravelSchedule" */;
			buildPhases = (
				CEB0DC332E13CEA70002B320 /* Sources */,
				CEB0DC342E13CEA70002B320 /* Frameworks */,
				CEB0DC352E13CEA70002B320 /* Resources */,
			);
			buildRules = (
			);
			dependencies = (
				CEB0DC6B2E13D2300002B320 /* PBXTargetDependency */,
			);
			name = TravelSchedule;
			packageProductDependencies = (
				CEB0DC5D2E13D1AB0002B320 /* OpenAPIURLSession */,
				CEB0DC602E13D1C10002B320 /* OpenAPIRuntime */,
			);
			productName = TravelSchedule;
			productReference = CEB0DC372E13CEA70002B320 /* TravelSchedule.app */;
			productType = "com.apple.product-type.application";
		};
/* End PBXNativeTarget section */

/* Begin PBXProject section */
		CEB0DC2F2E13CEA70002B320 /* Project object */ = {
			isa = PBXProject;
			attributes = {
				BuildIndependentTargetsInParallel = 1;
				LastSwiftUpdateCheck = 1630;
				LastUpgradeCheck = 1630;
				TargetAttributes = {
					CEB0DC362E13CEA70002B320 = {
						CreatedOnToolsVersion = 16.3;
					};
				};
			};
			buildConfigurationList = CEB0DC322E13CEA70002B320 /* Build configuration list for PBXProject "TravelSchedule" */;
			developmentRegion = en;
			hasScannedForEncodings = 0;
			knownRegions = (
				en,
				Base,
			);
			mainGroup = CEB0DC2E2E13CEA70002B320;
			minimizedProjectReferenceProxies = 1;
			packageReferences = (
				CEB0DC5C2E13D1AB0002B320 /* XCRemoteSwiftPackageReference "swift-openapi-urlsession" */,
				CEB0DC5F2E13D1C10002B320 /* XCRemoteSwiftPackageReference "swift-openapi-runtime" */,
				CEB0DC672E13D2200002B320 /* XCRemoteSwiftPackageReference "swift-openapi-generator" */,
			);
			preferredProjectObjectVersion = 77;
			productRefGroup = CEB0DC382E13CEA70002B320 /* Products */;
			projectDirPath = "";
			projectRoot = "";
			targets = (
				CEB0DC362E13CEA70002B320 /* TravelSchedule */,
			);
		};
/* End PBXProject section */

/* Begin PBXResourcesBuildPhase section */
		CEB0DC352E13CEA70002B320 /* Resources */ = {
			isa = PBXResourcesBuildPhase;
			buildActionMask = 2147483647;
			files = (
				CEB0DCBF2E157BBF0002B320 /* Assets.xcassets in Resources */,
				CEB0DCC02E157BBF0002B320 /* openapi.yaml in Resources */,
				CEB0DCC12E157BBF0002B320 /* openapi-generator-config.yaml in Resources */,
			);
			runOnlyForDeploymentPostprocessing = 0;
		};
/* End PBXResourcesBuildPhase section */

/* Begin PBXSourcesBuildPhase section */
		CEB0DC332E13CEA70002B320 /* Sources */ = {
			isa = PBXSourcesBuildPhase;
			buildActionMask = 2147483647;
			files = (
				CEB0DCEC2E169FB10002B320 /* CarrierInfoService.swift in Sources */,
				CEB0DCB92E157BBF0002B320 /* TravelScheduleApp.swift in Sources */,
				CEB0DCFE2E16C7E70002B320 /* AllStationsService.swift in Sources */,
				CEB0DCBA2E157BBF0002B320 /* NearestStationsService.swift in Sources */,
				CEB0DCC72E157C080002B320 /* MainView.swift in Sources */,
				CEB0DCE52E169B7A0002B320 /* NearestCityService.swift in Sources */,
				CEB0DCBB2E157BBF0002B320 /* RouteStationsService.swift in Sources */,
				CEB0DCBC2E157BBF0002B320 /* SchedualBetweenStationsService.swift in Sources */,
				CEB0DCBD2E157BBF0002B320 /* StationScheduleService.swift in Sources */,
				CEB0DD062E16CD190002B320 /* CopyrightService.swift in Sources */,
			);
			runOnlyForDeploymentPostprocessing = 0;
		};
/* End PBXSourcesBuildPhase section */

/* Begin PBXTargetDependency section */
		CEB0DC6B2E13D2300002B320 /* PBXTargetDependency */ = {
			isa = PBXTargetDependency;
			productRef = CEB0DC6A2E13D2300002B320 /* OpenAPIGenerator */;
		};
/* End PBXTargetDependency section */

/* Begin XCBuildConfiguration section */
		CEB0DC402E13CEA80002B320 /* Debug */ = {
			isa = XCBuildConfiguration;
			buildSettings = {
				ALWAYS_SEARCH_USER_PATHS = NO;
				ASSETCATALOG_COMPILER_GENERATE_SWIFT_ASSET_SYMBOL_EXTENSIONS = YES;
				CLANG_ANALYZER_NONNULL = YES;
				CLANG_ANALYZER_NUMBER_OBJECT_CONVERSION = YES_AGGRESSIVE;
				CLANG_CXX_LANGUAGE_STANDARD = "gnu++20";
				CLANG_ENABLE_MODULES = YES;
				CLANG_ENABLE_OBJC_ARC = YES;
				CLANG_ENABLE_OBJC_WEAK = YES;
				CLANG_WARN_BLOCK_CAPTURE_AUTORELEASING = YES;
				CLANG_WARN_BOOL_CONVERSION = YES;
				CLANG_WARN_COMMA = YES;
				CLANG_WARN_CONSTANT_CONVERSION = YES;
				CLANG_WARN_DEPRECATED_OBJC_IMPLEMENTATIONS = YES;
				CLANG_WARN_DIRECT_OBJC_ISA_USAGE = YES_ERROR;
				CLANG_WARN_DOCUMENTATION_COMMENTS = YES;
				CLANG_WARN_EMPTY_BODY = YES;
				CLANG_WARN_ENUM_CONVERSION = YES;
				CLANG_WARN_INFINITE_RECURSION = YES;
				CLANG_WARN_INT_CONVERSION = YES;
				CLANG_WARN_NON_LITERAL_NULL_CONVERSION = YES;
				CLANG_WARN_OBJC_IMPLICIT_RETAIN_SELF = YES;
				CLANG_WARN_OBJC_LITERAL_CONVERSION = YES;
				CLANG_WARN_OBJC_ROOT_CLASS = YES_ERROR;
				CLANG_WARN_QUOTED_INCLUDE_IN_FRAMEWORK_HEADER = YES;
				CLANG_WARN_RANGE_LOOP_ANALYSIS = YES;
				CLANG_WARN_STRICT_PROTOTYPES = YES;
				CLANG_WARN_SUSPICIOUS_MOVE = YES;
				CLANG_WARN_UNGUARDED_AVAILABILITY = YES_AGGRESSIVE;
				CLANG_WARN_UNREACHABLE_CODE = YES;
				CLANG_WARN__DUPLICATE_METHOD_MATCH = YES;
				COPY_PHASE_STRIP = NO;
				DEBUG_INFORMATION_FORMAT = dwarf;
				DEVELOPMENT_TEAM = FJA62MK9TU;
				ENABLE_STRICT_OBJC_MSGSEND = YES;
				ENABLE_TESTABILITY = YES;
				ENABLE_USER_SCRIPT_SANDBOXING = YES;
				GCC_C_LANGUAGE_STANDARD = gnu17;
				GCC_DYNAMIC_NO_PIC = NO;
				GCC_NO_COMMON_BLOCKS = YES;
				GCC_OPTIMIZATION_LEVEL = 0;
				GCC_PREPROCESSOR_DEFINITIONS = (
					"DEBUG=1",
					"$(inherited)",
				);
				GCC_WARN_64_TO_32_BIT_CONVERSION = YES;
				GCC_WARN_ABOUT_RETURN_TYPE = YES_ERROR;
				GCC_WARN_UNDECLARED_SELECTOR = YES;
				GCC_WARN_UNINITIALIZED_AUTOS = YES_AGGRESSIVE;
				GCC_WARN_UNUSED_FUNCTION = YES;
				GCC_WARN_UNUSED_VARIABLE = YES;
				IPHONEOS_DEPLOYMENT_TARGET = 18.4;
				LOCALIZATION_PREFERS_STRING_CATALOGS = YES;
				MTL_ENABLE_DEBUG_INFO = INCLUDE_SOURCE;
				MTL_FAST_MATH = YES;
				ONLY_ACTIVE_ARCH = YES;
				SDKROOT = iphoneos;
				SWIFT_ACTIVE_COMPILATION_CONDITIONS = "DEBUG $(inherited)";
				SWIFT_OPTIMIZATION_LEVEL = "-Onone";
			};
			name = Debug;
		};
		CEB0DC412E13CEA80002B320 /* Release */ = {
			isa = XCBuildConfiguration;
			buildSettings = {
				ALWAYS_SEARCH_USER_PATHS = NO;
				ASSETCATALOG_COMPILER_GENERATE_SWIFT_ASSET_SYMBOL_EXTENSIONS = YES;
				CLANG_ANALYZER_NONNULL = YES;
				CLANG_ANALYZER_NUMBER_OBJECT_CONVERSION = YES_AGGRESSIVE;
				CLANG_CXX_LANGUAGE_STANDARD = "gnu++20";
				CLANG_ENABLE_MODULES = YES;
				CLANG_ENABLE_OBJC_ARC = YES;
				CLANG_ENABLE_OBJC_WEAK = YES;
				CLANG_WARN_BLOCK_CAPTURE_AUTORELEASING = YES;
				CLANG_WARN_BOOL_CONVERSION = YES;
				CLANG_WARN_COMMA = YES;
				CLANG_WARN_CONSTANT_CONVERSION = YES;
				CLANG_WARN_DEPRECATED_OBJC_IMPLEMENTATIONS = YES;
				CLANG_WARN_DIRECT_OBJC_ISA_USAGE = YES_ERROR;
				CLANG_WARN_DOCUMENTATION_COMMENTS = YES;
				CLANG_WARN_EMPTY_BODY = YES;
				CLANG_WARN_ENUM_CONVERSION = YES;
				CLANG_WARN_INFINITE_RECURSION = YES;
				CLANG_WARN_INT_CONVERSION = YES;
				CLANG_WARN_NON_LITERAL_NULL_CONVERSION = YES;
				CLANG_WARN_OBJC_IMPLICIT_RETAIN_SELF = YES;
				CLANG_WARN_OBJC_LITERAL_CONVERSION = YES;
				CLANG_WARN_OBJC_ROOT_CLASS = YES_ERROR;
				CLANG_WARN_QUOTED_INCLUDE_IN_FRAMEWORK_HEADER = YES;
				CLANG_WARN_RANGE_LOOP_ANALYSIS = YES;
				CLANG_WARN_STRICT_PROTOTYPES = YES;
				CLANG_WARN_SUSPICIOUS_MOVE = YES;
				CLANG_WARN_UNGUARDED_AVAILABILITY = YES_AGGRESSIVE;
				CLANG_WARN_UNREACHABLE_CODE = YES;
				CLANG_WARN__DUPLICATE_METHOD_MATCH = YES;
				COPY_PHASE_STRIP = NO;
				DEBUG_INFORMATION_FORMAT = "dwarf-with-dsym";
				DEVELOPMENT_TEAM = FJA62MK9TU;
				ENABLE_NS_ASSERTIONS = NO;
				ENABLE_STRICT_OBJC_MSGSEND = YES;
				ENABLE_USER_SCRIPT_SANDBOXING = YES;
				GCC_C_LANGUAGE_STANDARD = gnu17;
				GCC_NO_COMMON_BLOCKS = YES;
				GCC_WARN_64_TO_32_BIT_CONVERSION = YES;
				GCC_WARN_ABOUT_RETURN_TYPE = YES_ERROR;
				GCC_WARN_UNDECLARED_SELECTOR = YES;
				GCC_WARN_UNINITIALIZED_AUTOS = YES_AGGRESSIVE;
				GCC_WARN_UNUSED_FUNCTION = YES;
				GCC_WARN_UNUSED_VARIABLE = YES;
				IPHONEOS_DEPLOYMENT_TARGET = 18.4;
				LOCALIZATION_PREFERS_STRING_CATALOGS = YES;
				MTL_ENABLE_DEBUG_INFO = NO;
				MTL_FAST_MATH = YES;
				SDKROOT = iphoneos;
				SWIFT_COMPILATION_MODE = wholemodule;
				VALIDATE_PRODUCT = YES;
			};
			name = Release;
		};
		CEB0DC432E13CEA80002B320 /* Debug */ = {
			isa = XCBuildConfiguration;
			buildSettings = {
				ASSETCATALOG_COMPILER_APPICON_NAME = AppIcon;
				ASSETCATALOG_COMPILER_GLOBAL_ACCENT_COLOR_NAME = AccentColor;
				CODE_SIGN_STYLE = Automatic;
				CURRENT_PROJECT_VERSION = 1;
				DEVELOPMENT_TEAM = FJA62MK9TU;
				ENABLE_PREVIEWS = YES;
				GENERATE_INFOPLIST_FILE = YES;
				INFOPLIST_FILE = TravelSchedule/Info.plist;
				INFOPLIST_KEY_UIApplicationSceneManifest_Generation = YES;
				INFOPLIST_KEY_UIApplicationSupportsIndirectInputEvents = YES;
				INFOPLIST_KEY_UISupportedInterfaceOrientations_iPad = "UIInterfaceOrientationPortrait UIInterfaceOrientationPortraitUpsideDown UIInterfaceOrientationLandscapeLeft UIInterfaceOrientationLandscapeRight";
				INFOPLIST_KEY_UISupportedInterfaceOrientations_iPhone = "UIInterfaceOrientationPortrait UIInterfaceOrientationLandscapeLeft UIInterfaceOrientationLandscapeRight";
				IPHONEOS_DEPLOYMENT_TARGET = 17.0;
				LD_RUNPATH_SEARCH_PATHS = (
					"$(inherited)",
					"@executable_path/Frameworks",
				);
				MARKETING_VERSION = 1.0;
				PRODUCT_BUNDLE_IDENTIFIER = "ru.Fennec-meow.TravelSchedule";
				PRODUCT_NAME = "$(TARGET_NAME)";
				SWIFT_EMIT_LOC_STRINGS = YES;
				SWIFT_VERSION = 5.0;
				TARGETED_DEVICE_FAMILY = "1,2";
			};
			name = Debug;
		};
		CEB0DC442E13CEA80002B320 /* Release */ = {
			isa = XCBuildConfiguration;
			buildSettings = {
				ASSETCATALOG_COMPILER_APPICON_NAME = AppIcon;
				ASSETCATALOG_COMPILER_GLOBAL_ACCENT_COLOR_NAME = AccentColor;
				CODE_SIGN_STYLE = Automatic;
				CURRENT_PROJECT_VERSION = 1;
				DEVELOPMENT_TEAM = FJA62MK9TU;
				ENABLE_PREVIEWS = YES;
				GENERATE_INFOPLIST_FILE = YES;
				INFOPLIST_FILE = TravelSchedule/Info.plist;
				INFOPLIST_KEY_UIApplicationSceneManifest_Generation = YES;
				INFOPLIST_KEY_UIApplicationSupportsIndirectInputEvents = YES;
				INFOPLIST_KEY_UISupportedInterfaceOrientations_iPad = "UIInterfaceOrientationPortrait UIInterfaceOrientationPortraitUpsideDown UIInterfaceOrientationLandscapeLeft UIInterfaceOrientationLandscapeRight";
				INFOPLIST_KEY_UISupportedInterfaceOrientations_iPhone = "UIInterfaceOrientationPortrait UIInterfaceOrientationLandscapeLeft UIInterfaceOrientationLandscapeRight";
				IPHONEOS_DEPLOYMENT_TARGET = 17.0;
				LD_RUNPATH_SEARCH_PATHS = (
					"$(inherited)",
					"@executable_path/Frameworks",
				);
				MARKETING_VERSION = 1.0;
				PRODUCT_BUNDLE_IDENTIFIER = "ru.Fennec-meow.TravelSchedule";
				PRODUCT_NAME = "$(TARGET_NAME)";
				SWIFT_EMIT_LOC_STRINGS = YES;
				SWIFT_VERSION = 5.0;
				TARGETED_DEVICE_FAMILY = "1,2";
			};
			name = Release;
		};
/* End XCBuildConfiguration section */

/* Begin XCConfigurationList section */
		CEB0DC322E13CEA70002B320 /* Build configuration list for PBXProject "TravelSchedule" */ = {
			isa = XCConfigurationList;
			buildConfigurations = (
				CEB0DC402E13CEA80002B320 /* Debug */,
				CEB0DC412E13CEA80002B320 /* Release */,
			);
			defaultConfigurationIsVisible = 0;
			defaultConfigurationName = Release;
		};
		CEB0DC422E13CEA80002B320 /* Build configuration list for PBXNativeTarget "TravelSchedule" */ = {
			isa = XCConfigurationList;
			buildConfigurations = (
				CEB0DC432E13CEA80002B320 /* Debug */,
				CEB0DC442E13CEA80002B320 /* Release */,
			);
			defaultConfigurationIsVisible = 0;
			defaultConfigurationName = Release;
		};
/* End XCConfigurationList section */

/* Begin XCRemoteSwiftPackageReference section */
		CEB0DC5C2E13D1AB0002B320 /* XCRemoteSwiftPackageReference "swift-openapi-urlsession" */ = {
			isa = XCRemoteSwiftPackageReference;
			repositoryURL = "https://github.com/apple/swift-openapi-urlsession";
			requirement = {
				kind = upToNextMajorVersion;
				minimumVersion = 1.1.0;
			};
		};
		CEB0DC5F2E13D1C10002B320 /* XCRemoteSwiftPackageReference "swift-openapi-runtime" */ = {
			isa = XCRemoteSwiftPackageReference;
			repositoryURL = "https://github.com/apple/swift-openapi-runtime";
			requirement = {
				kind = upToNextMajorVersion;
				minimumVersion = 1.8.2;
			};
		};
		CEB0DC672E13D2200002B320 /* XCRemoteSwiftPackageReference "swift-openapi-generator" */ = {
			isa = XCRemoteSwiftPackageReference;
			repositoryURL = "https://github.com/apple/swift-openapi-generator";
			requirement = {
				kind = upToNextMajorVersion;
				minimumVersion = 1.9.0;
			};
		};
/* End XCRemoteSwiftPackageReference section */

/* Begin XCSwiftPackageProductDependency section */
		CEB0DC5D2E13D1AB0002B320 /* OpenAPIURLSession */ = {
			isa = XCSwiftPackageProductDependency;
			package = CEB0DC5C2E13D1AB0002B320 /* XCRemoteSwiftPackageReference "swift-openapi-urlsession" */;
			productName = OpenAPIURLSession;
		};
		CEB0DC602E13D1C10002B320 /* OpenAPIRuntime */ = {
			isa = XCSwiftPackageProductDependency;
			package = CEB0DC5F2E13D1C10002B320 /* XCRemoteSwiftPackageReference "swift-openapi-runtime" */;
			productName = OpenAPIRuntime;
		};
		CEB0DC6A2E13D2300002B320 /* OpenAPIGenerator */ = {
			isa = XCSwiftPackageProductDependency;
			package = CEB0DC672E13D2200002B320 /* XCRemoteSwiftPackageReference "swift-openapi-generator" */;
			productName = "plugin:OpenAPIGenerator";
		};
/* End XCSwiftPackageProductDependency section */
	};
	rootObject = CEB0DC2F2E13CEA70002B320 /* Project object */;
}
